
Microsoft Visual Studio Solution File, Format Version 12.00
# Visual Studio Version 16
VisualStudioVersion = 16.0.31624.102
MinimumVisualStudioVersion = 10.0.40219.1
Project("{FAE04EC0-301F-11D3-BF4B-00C04F79EFBC}") = "ReplaceRule", "ReplaceRule\ReplaceRule.csproj", "{11C59E9E-BF70-4C38-A98F-940B8DFD7C75}"
EndProject
Global
	GlobalSection(SolutionConfigurationPlatforms) = preSolution
		Debug|Any CPU = Debug|Any CPU
		Release|Any CPU = Release|Any CPU
	EndGlobalSection
	GlobalSection(ProjectConfigurationPlatforms) = postSolution
		{11C59E9E-BF70-4C38-A98F-940B8DFD7C75}.Debug|Any CPU.ActiveCfg = Debug|Any CPU
		{11C59E9E-BF70-4C38-A98F-940B8DFD7C75}.Debug|Any CPU.Build.0 = Debug|Any CPU
		{11C59E9E-BF70-4C38-A98F-940B8DFD7C75}.Release|Any CPU.ActiveCfg = Release|Any CPU
		{11C59E9E-BF70-4C38-A98F-940B8DFD7C75}.Release|Any CPU.Build.0 = Release|Any CPU
	EndGlobalSection
	GlobalSection(SolutionProperties) = preSolution
		HideSolutionNode = FALSE
	EndGlobalSection
	GlobalSection(ExtensibilityGlobals) = postSolution
		SolutionGuid = {996440D4-F618-4E7A-B5B4-F9ADA2F94001}
	EndGlobalSection
EndGlobal
